
Microsoft Visual Studio Solution File, Format Version 12.00
# Visual Studio Version 17
VisualStudioVersion = 17.12.35527.113
MinimumVisualStudioVersion = 10.0.40219.1
Project("{FAE04EC0-301F-11D3-BF4B-00C04F79EFBC}") = "ClinicFlow", "WebApplication1\ClinicFlow.csproj", "{119FB7F8-A1D7-46D2-B729-797454BBA499}"
EndProject
Global
	GlobalSection(SolutionConfigurationPlatforms) = preSolution
		Debug|Any CPU = Debug|Any CPU
		Release|Any CPU = Release|Any CPU
	EndGlobalSection
	GlobalSection(ProjectConfigurationPlatforms) = postSolution
		{119FB7F8-A1D7-46D2-B729-797454BBA499}.Debug|Any CPU.ActiveCfg = Debug|Any CPU
		{119FB7F8-A1D7-46D2-B729-797454BBA499}.Debug|Any CPU.Build.0 = Debug|Any CPU
		{119FB7F8-A1D7-46D2-B729-797454BBA499}.Release|Any CPU.ActiveCfg = Release|Any CPU
		{119FB7F8-A1D7-46D2-B729-797454BBA499}.Release|Any CPU.Build.0 = Release|Any CPU
	EndGlobalSection
	GlobalSection(SolutionProperties) = preSolution
		HideSolutionNode = FALSE
	EndGlobalSection
EndGlobal
